
Microsoft Visual Studio Solution File, Format Version 12.00
# Visual Studio Version 16
VisualStudioVersion = 16.0.31205.134
MinimumVisualStudioVersion = 10.0.40219.1
Project("{FAE04EC0-301F-11D3-BF4B-00C04F79EFBC}") = "Simulation", "Simulation\Simulation.csproj", "{53AFAB9F-885C-46E1-930E-EB065348CCF7}"
EndProject
Global
	GlobalSection(SolutionConfigurationPlatforms) = preSolution
		Debug|Any CPU = Debug|Any CPU
		Release|Any CPU = Release|Any CPU
	EndGlobalSection
	GlobalSection(ProjectConfigurationPlatforms) = postSolution
		{53AFAB9F-885C-46E1-930E-EB065348CCF7}.Debug|Any CPU.ActiveCfg = Debug|Any CPU
		{53AFAB9F-885C-46E1-930E-EB065348CCF7}.Debug|Any CPU.Build.0 = Debug|Any CPU
		{53AFAB9F-885C-46E1-930E-EB065348CCF7}.Release|Any CPU.ActiveCfg = Release|Any CPU
		{53AFAB9F-885C-46E1-930E-EB065348CCF7}.Release|Any CPU.Build.0 = Release|Any CPU
	EndGlobalSection
	GlobalSection(SolutionProperties) = preSolution
		HideSolutionNode = FALSE
	EndGlobalSection
	GlobalSection(ExtensibilityGlobals) = postSolution
		SolutionGuid = {2C3A5022-5D0C-4396-B6BC-7E745F9BDCB8}
	EndGlobalSection
EndGlobal
